
Microsoft Visual Studio Solution File, Format Version 12.00
# Visual Studio Version 17
VisualStudioVersion = 17.0.31903.59
MinimumVisualStudioVersion = 10.0.40219.1
Project("{FAE04EC0-301F-11D3-BF4B-00C04F79EFBC}") = "exer02.ConsoleApp", "exer02.ConsoleApp\exer02.ConsoleApp.csproj", "{1C1E5FDF-2E90-48C0-B990-8D6902EE45F4}"
EndProject
Project("{FAE04EC0-301F-11D3-BF4B-00C04F79EFBC}") = "exer02.Classes", "exer02.Classes\exer02.Classes.csproj", "{3DBC6279-4699-46A7-8A85-5F869A5F555A}"
EndProject
Global
	GlobalSection(SolutionConfigurationPlatforms) = preSolution
		Debug|Any CPU = Debug|Any CPU
		Release|Any CPU = Release|Any CPU
	EndGlobalSection
	GlobalSection(SolutionProperties) = preSolution
		HideSolutionNode = FALSE
	EndGlobalSection
	GlobalSection(ProjectConfigurationPlatforms) = postSolution
		{1C1E5FDF-2E90-48C0-B990-8D6902EE45F4}.Debug|Any CPU.ActiveCfg = Debug|Any CPU
		{1C1E5FDF-2E90-48C0-B990-8D6902EE45F4}.Debug|Any CPU.Build.0 = Debug|Any CPU
		{1C1E5FDF-2E90-48C0-B990-8D6902EE45F4}.Release|Any CPU.ActiveCfg = Release|Any CPU
		{1C1E5FDF-2E90-48C0-B990-8D6902EE45F4}.Release|Any CPU.Build.0 = Release|Any CPU
		{3DBC6279-4699-46A7-8A85-5F869A5F555A}.Debug|Any CPU.ActiveCfg = Debug|Any CPU
		{3DBC6279-4699-46A7-8A85-5F869A5F555A}.Debug|Any CPU.Build.0 = Debug|Any CPU
		{3DBC6279-4699-46A7-8A85-5F869A5F555A}.Release|Any CPU.ActiveCfg = Release|Any CPU
		{3DBC6279-4699-46A7-8A85-5F869A5F555A}.Release|Any CPU.Build.0 = Release|Any CPU
	EndGlobalSection
EndGlobal
