
Microsoft Visual Studio Solution File, Format Version 12.00
# Visual Studio Version 17
VisualStudioVersion = 17.0.31903.59
MinimumVisualStudioVersion = 10.0.40219.1
Project("{FAE04EC0-301F-11D3-BF4B-00C04F79EFBC}") = "SolucaoTeste03.Classes", "SolucaoTeste03.Classes\SolucaoTeste03.Classes.csproj", "{EE822AAA-A626-425C-9220-44C7BA405FF7}"
EndProject
Project("{FAE04EC0-301F-11D3-BF4B-00C04F79EFBC}") = "SolucaoTeste03.Tests", "SolucaoTeste03.Tests\SolucaoTeste03.Tests.csproj", "{8B4E1227-9718-4ABB-B5F3-E7C2B94E5912}"
EndProject
Global
	GlobalSection(SolutionConfigurationPlatforms) = preSolution
		Debug|Any CPU = Debug|Any CPU
		Release|Any CPU = Release|Any CPU
	EndGlobalSection
	GlobalSection(SolutionProperties) = preSolution
		HideSolutionNode = FALSE
	EndGlobalSection
	GlobalSection(ProjectConfigurationPlatforms) = postSolution
		{EE822AAA-A626-425C-9220-44C7BA405FF7}.Debug|Any CPU.ActiveCfg = Debug|Any CPU
		{EE822AAA-A626-425C-9220-44C7BA405FF7}.Debug|Any CPU.Build.0 = Debug|Any CPU
		{EE822AAA-A626-425C-9220-44C7BA405FF7}.Release|Any CPU.ActiveCfg = Release|Any CPU
		{EE822AAA-A626-425C-9220-44C7BA405FF7}.Release|Any CPU.Build.0 = Release|Any CPU
		{8B4E1227-9718-4ABB-B5F3-E7C2B94E5912}.Debug|Any CPU.ActiveCfg = Debug|Any CPU
		{8B4E1227-9718-4ABB-B5F3-E7C2B94E5912}.Debug|Any CPU.Build.0 = Debug|Any CPU
		{8B4E1227-9718-4ABB-B5F3-E7C2B94E5912}.Release|Any CPU.ActiveCfg = Release|Any CPU
		{8B4E1227-9718-4ABB-B5F3-E7C2B94E5912}.Release|Any CPU.Build.0 = Release|Any CPU
	EndGlobalSection
EndGlobal
