
Microsoft Visual Studio Solution File, Format Version 12.00
# Visual Studio Version 17
VisualStudioVersion = 17.0.31903.59
MinimumVisualStudioVersion = 10.0.40219.1
Project("{FAE04EC0-301F-11D3-BF4B-00C04F79EFBC}") = "exer02.ConsoleApp", "exer02.ConsoleApp\exer02.ConsoleApp.csproj", "{90865A1F-2CC6-41A8-8DF5-3368ECDABBE1}"
EndProject
Project("{FAE04EC0-301F-11D3-BF4B-00C04F79EFBC}") = "exer02.Classes", "exer02.Classes\exer02.Classes.csproj", "{3F71B9A7-66C9-4A44-AFDF-4BD3654C30FD}"
EndProject
Global
	GlobalSection(SolutionConfigurationPlatforms) = preSolution
		Debug|Any CPU = Debug|Any CPU
		Release|Any CPU = Release|Any CPU
	EndGlobalSection
	GlobalSection(SolutionProperties) = preSolution
		HideSolutionNode = FALSE
	EndGlobalSection
	GlobalSection(ProjectConfigurationPlatforms) = postSolution
		{90865A1F-2CC6-41A8-8DF5-3368ECDABBE1}.Debug|Any CPU.ActiveCfg = Debug|Any CPU
		{90865A1F-2CC6-41A8-8DF5-3368ECDABBE1}.Debug|Any CPU.Build.0 = Debug|Any CPU
		{90865A1F-2CC6-41A8-8DF5-3368ECDABBE1}.Release|Any CPU.ActiveCfg = Release|Any CPU
		{90865A1F-2CC6-41A8-8DF5-3368ECDABBE1}.Release|Any CPU.Build.0 = Release|Any CPU
		{3F71B9A7-66C9-4A44-AFDF-4BD3654C30FD}.Debug|Any CPU.ActiveCfg = Debug|Any CPU
		{3F71B9A7-66C9-4A44-AFDF-4BD3654C30FD}.Debug|Any CPU.Build.0 = Debug|Any CPU
		{3F71B9A7-66C9-4A44-AFDF-4BD3654C30FD}.Release|Any CPU.ActiveCfg = Release|Any CPU
		{3F71B9A7-66C9-4A44-AFDF-4BD3654C30FD}.Release|Any CPU.Build.0 = Release|Any CPU
	EndGlobalSection
EndGlobal
