
Microsoft Visual Studio Solution File, Format Version 12.00
# Visual Studio Version 17
VisualStudioVersion = 17.0.31903.59
MinimumVisualStudioVersion = 10.0.40219.1
Project("{FAE04EC0-301F-11D3-BF4B-00C04F79EFBC}") = "exer01.ConsoleApp", "exer01.ConsoleApp\exer01.ConsoleApp.csproj", "{3E7D7C58-E699-49AA-A90F-2082EBA9DBC2}"
EndProject
Project("{FAE04EC0-301F-11D3-BF4B-00C04F79EFBC}") = "exer01.Classes", "exer01.Classes\exer01.Classes.csproj", "{53ED6A87-7E52-4BE2-B163-785AD896BAF6}"
EndProject
Global
	GlobalSection(SolutionConfigurationPlatforms) = preSolution
		Debug|Any CPU = Debug|Any CPU
		Release|Any CPU = Release|Any CPU
	EndGlobalSection
	GlobalSection(SolutionProperties) = preSolution
		HideSolutionNode = FALSE
	EndGlobalSection
	GlobalSection(ProjectConfigurationPlatforms) = postSolution
		{3E7D7C58-E699-49AA-A90F-2082EBA9DBC2}.Debug|Any CPU.ActiveCfg = Debug|Any CPU
		{3E7D7C58-E699-49AA-A90F-2082EBA9DBC2}.Debug|Any CPU.Build.0 = Debug|Any CPU
		{3E7D7C58-E699-49AA-A90F-2082EBA9DBC2}.Release|Any CPU.ActiveCfg = Release|Any CPU
		{3E7D7C58-E699-49AA-A90F-2082EBA9DBC2}.Release|Any CPU.Build.0 = Release|Any CPU
		{53ED6A87-7E52-4BE2-B163-785AD896BAF6}.Debug|Any CPU.ActiveCfg = Debug|Any CPU
		{53ED6A87-7E52-4BE2-B163-785AD896BAF6}.Debug|Any CPU.Build.0 = Debug|Any CPU
		{53ED6A87-7E52-4BE2-B163-785AD896BAF6}.Release|Any CPU.ActiveCfg = Release|Any CPU
		{53ED6A87-7E52-4BE2-B163-785AD896BAF6}.Release|Any CPU.Build.0 = Release|Any CPU
	EndGlobalSection
EndGlobal
