
Microsoft Visual Studio Solution File, Format Version 12.00
# Visual Studio Version 17
VisualStudioVersion = 17.0.31903.59
MinimumVisualStudioVersion = 10.0.40219.1
Project("{FAE04EC0-301F-11D3-BF4B-00C04F79EFBC}") = "exer03.ConsoleApp", "exer03.ConsoleApp\exer03.ConsoleApp.csproj", "{822CCEA7-0CFF-4C04-BA33-3E001EBB9ED4}"
EndProject
Project("{FAE04EC0-301F-11D3-BF4B-00C04F79EFBC}") = "exer03.Classes", "exer03.Classes\exer03.Classes.csproj", "{97B94E22-00FE-40DC-B6D6-7E7EDB6DFEC3}"
EndProject
Global
	GlobalSection(SolutionConfigurationPlatforms) = preSolution
		Debug|Any CPU = Debug|Any CPU
		Release|Any CPU = Release|Any CPU
	EndGlobalSection
	GlobalSection(SolutionProperties) = preSolution
		HideSolutionNode = FALSE
	EndGlobalSection
	GlobalSection(ProjectConfigurationPlatforms) = postSolution
		{822CCEA7-0CFF-4C04-BA33-3E001EBB9ED4}.Debug|Any CPU.ActiveCfg = Debug|Any CPU
		{822CCEA7-0CFF-4C04-BA33-3E001EBB9ED4}.Debug|Any CPU.Build.0 = Debug|Any CPU
		{822CCEA7-0CFF-4C04-BA33-3E001EBB9ED4}.Release|Any CPU.ActiveCfg = Release|Any CPU
		{822CCEA7-0CFF-4C04-BA33-3E001EBB9ED4}.Release|Any CPU.Build.0 = Release|Any CPU
		{97B94E22-00FE-40DC-B6D6-7E7EDB6DFEC3}.Debug|Any CPU.ActiveCfg = Debug|Any CPU
		{97B94E22-00FE-40DC-B6D6-7E7EDB6DFEC3}.Debug|Any CPU.Build.0 = Debug|Any CPU
		{97B94E22-00FE-40DC-B6D6-7E7EDB6DFEC3}.Release|Any CPU.ActiveCfg = Release|Any CPU
		{97B94E22-00FE-40DC-B6D6-7E7EDB6DFEC3}.Release|Any CPU.Build.0 = Release|Any CPU
	EndGlobalSection
EndGlobal
