
Microsoft Visual Studio Solution File, Format Version 12.00
# Visual Studio Version 17
VisualStudioVersion = 17.0.31903.59
MinimumVisualStudioVersion = 10.0.40219.1
Project("{FAE04EC0-301F-11D3-BF4B-00C04F79EFBC}") = "SolucaoTeste02.Classes", "SolucaoTeste02.Classes\SolucaoTeste02.Classes.csproj", "{84578CBA-B40A-428E-9330-2803C7669A42}"
EndProject
Project("{FAE04EC0-301F-11D3-BF4B-00C04F79EFBC}") = "SolucaoTeste02.Tests", "SolucaoTeste02.Tests\SolucaoTeste02.Tests.csproj", "{195E1E23-67AA-468E-88C7-35464F958EBE}"
EndProject
Global
	GlobalSection(SolutionConfigurationPlatforms) = preSolution
		Debug|Any CPU = Debug|Any CPU
		Release|Any CPU = Release|Any CPU
	EndGlobalSection
	GlobalSection(SolutionProperties) = preSolution
		HideSolutionNode = FALSE
	EndGlobalSection
	GlobalSection(ProjectConfigurationPlatforms) = postSolution
		{84578CBA-B40A-428E-9330-2803C7669A42}.Debug|Any CPU.ActiveCfg = Debug|Any CPU
		{84578CBA-B40A-428E-9330-2803C7669A42}.Debug|Any CPU.Build.0 = Debug|Any CPU
		{84578CBA-B40A-428E-9330-2803C7669A42}.Release|Any CPU.ActiveCfg = Release|Any CPU
		{84578CBA-B40A-428E-9330-2803C7669A42}.Release|Any CPU.Build.0 = Release|Any CPU
		{195E1E23-67AA-468E-88C7-35464F958EBE}.Debug|Any CPU.ActiveCfg = Debug|Any CPU
		{195E1E23-67AA-468E-88C7-35464F958EBE}.Debug|Any CPU.Build.0 = Debug|Any CPU
		{195E1E23-67AA-468E-88C7-35464F958EBE}.Release|Any CPU.ActiveCfg = Release|Any CPU
		{195E1E23-67AA-468E-88C7-35464F958EBE}.Release|Any CPU.Build.0 = Release|Any CPU
	EndGlobalSection
EndGlobal
